
Microsoft Visual Studio Solution File, Format Version 11.00
# Visual Studio 2010
Project("{FAE04EC0-301F-11D3-BF4B-00C04F79EFBC}") = "WpfClient", "WpfClient\WpfClient.csproj", "{3179DE34-8E89-4CE4-B01E-EFC750401708}"
EndProject
Project("{FAE04EC0-301F-11D3-BF4B-00C04F79EFBC}") = "DatabaseDemo", "DatabaseDemo\DatabaseDemo.csproj", "{D36837ED-1245-44A0-88F0-96DB75E24918}"
EndProject
Project("{2150E333-8FDC-42A3-9474-1A3956D46DE8}") = ".nuget", ".nuget", "{CE3B1E77-BCF4-4FC1-8B78-F1F39BB76E08}"
	ProjectSection(SolutionItems) = preProject
		.nuget\NuGet.Config = .nuget\NuGet.Config
		.nuget\NuGet.exe = .nuget\NuGet.exe
		.nuget\NuGet.targets = .nuget\NuGet.targets
	EndProjectSection
EndProject
Project("{FAE04EC0-301F-11D3-BF4B-00C04F79EFBC}") = "TestProject", "TestProject\TestProject.csproj", "{B6866BFA-B38E-4F51-B3B9-4DE929EB5B06}"
EndProject
Project("{2150E333-8FDC-42A3-9474-1A3956D46DE8}") = "Solution Items", "Solution Items", "{9FEF6138-FAA3-453D-84DE-EEAE295540B4}"
	ProjectSection(SolutionItems) = preProject
		Local.testsettings = Local.testsettings
		RavenDBDemo.vsmdi = RavenDBDemo.vsmdi
		TraceAndTestImpact.testsettings = TraceAndTestImpact.testsettings
	EndProjectSection
EndProject
Global
	GlobalSection(TestCaseManagementSettings) = postSolution
		CategoryFile = RavenDBDemo.vsmdi
	EndGlobalSection
	GlobalSection(SolutionConfigurationPlatforms) = preSolution
		Debug|Any CPU = Debug|Any CPU
		Debug|Mixed Platforms = Debug|Mixed Platforms
		Debug|x86 = Debug|x86
		Release|Any CPU = Release|Any CPU
		Release|Mixed Platforms = Release|Mixed Platforms
		Release|x86 = Release|x86
	EndGlobalSection
	GlobalSection(ProjectConfigurationPlatforms) = postSolution
		{3179DE34-8E89-4CE4-B01E-EFC750401708}.Debug|Any CPU.ActiveCfg = Debug|x86
		{3179DE34-8E89-4CE4-B01E-EFC750401708}.Debug|Mixed Platforms.ActiveCfg = Debug|x86
		{3179DE34-8E89-4CE4-B01E-EFC750401708}.Debug|Mixed Platforms.Build.0 = Debug|x86
		{3179DE34-8E89-4CE4-B01E-EFC750401708}.Debug|x86.ActiveCfg = Debug|x86
		{3179DE34-8E89-4CE4-B01E-EFC750401708}.Debug|x86.Build.0 = Debug|x86
		{3179DE34-8E89-4CE4-B01E-EFC750401708}.Release|Any CPU.ActiveCfg = Release|x86
		{3179DE34-8E89-4CE4-B01E-EFC750401708}.Release|Mixed Platforms.ActiveCfg = Release|x86
		{3179DE34-8E89-4CE4-B01E-EFC750401708}.Release|Mixed Platforms.Build.0 = Release|x86
		{3179DE34-8E89-4CE4-B01E-EFC750401708}.Release|x86.ActiveCfg = Release|x86
		{3179DE34-8E89-4CE4-B01E-EFC750401708}.Release|x86.Build.0 = Release|x86
		{D36837ED-1245-44A0-88F0-96DB75E24918}.Debug|Any CPU.ActiveCfg = Debug|Any CPU
		{D36837ED-1245-44A0-88F0-96DB75E24918}.Debug|Any CPU.Build.0 = Debug|Any CPU
		{D36837ED-1245-44A0-88F0-96DB75E24918}.Debug|Mixed Platforms.ActiveCfg = Debug|Any CPU
		{D36837ED-1245-44A0-88F0-96DB75E24918}.Debug|Mixed Platforms.Build.0 = Debug|Any CPU
		{D36837ED-1245-44A0-88F0-96DB75E24918}.Debug|x86.ActiveCfg = Debug|Any CPU
		{D36837ED-1245-44A0-88F0-96DB75E24918}.Release|Any CPU.ActiveCfg = Release|Any CPU
		{D36837ED-1245-44A0-88F0-96DB75E24918}.Release|Any CPU.Build.0 = Release|Any CPU
		{D36837ED-1245-44A0-88F0-96DB75E24918}.Release|Mixed Platforms.ActiveCfg = Release|Any CPU
		{D36837ED-1245-44A0-88F0-96DB75E24918}.Release|Mixed Platforms.Build.0 = Release|Any CPU
		{D36837ED-1245-44A0-88F0-96DB75E24918}.Release|x86.ActiveCfg = Release|Any CPU
		{B6866BFA-B38E-4F51-B3B9-4DE929EB5B06}.Debug|Any CPU.ActiveCfg = Debug|Any CPU
		{B6866BFA-B38E-4F51-B3B9-4DE929EB5B06}.Debug|Any CPU.Build.0 = Debug|Any CPU
		{B6866BFA-B38E-4F51-B3B9-4DE929EB5B06}.Debug|Mixed Platforms.ActiveCfg = Debug|Any CPU
		{B6866BFA-B38E-4F51-B3B9-4DE929EB5B06}.Debug|Mixed Platforms.Build.0 = Debug|Any CPU
		{B6866BFA-B38E-4F51-B3B9-4DE929EB5B06}.Debug|x86.ActiveCfg = Debug|Any CPU
		{B6866BFA-B38E-4F51-B3B9-4DE929EB5B06}.Release|Any CPU.ActiveCfg = Release|Any CPU
		{B6866BFA-B38E-4F51-B3B9-4DE929EB5B06}.Release|Any CPU.Build.0 = Release|Any CPU
		{B6866BFA-B38E-4F51-B3B9-4DE929EB5B06}.Release|Mixed Platforms.ActiveCfg = Release|Any CPU
		{B6866BFA-B38E-4F51-B3B9-4DE929EB5B06}.Release|Mixed Platforms.Build.0 = Release|Any CPU
		{B6866BFA-B38E-4F51-B3B9-4DE929EB5B06}.Release|x86.ActiveCfg = Release|Any CPU
	EndGlobalSection
	GlobalSection(SolutionProperties) = preSolution
		HideSolutionNode = FALSE
	EndGlobalSection
EndGlobal
